
Microsoft Visual Studio Solution File, Format Version 12.00
# Visual Studio Version 17
VisualStudioVersion = 17.2.32317.152
MinimumVisualStudioVersion = 10.0.40219.1
Project("{FAE04EC0-301F-11D3-BF4B-00C04F79EFBC}") = "CP_CW_7902_DAL", "CP_CW_7902_DAL\CP_CW_7902_DAL.csproj", "{03B2C429-6A6E-4E87-8728-B4FF23C700BE}"
EndProject
Project("{FAE04EC0-301F-11D3-BF4B-00C04F79EFBC}") = "CP_CW_7902_BL", "CP_CW_7902_BL\CP_CW_7902_BL.csproj", "{D1E8576F-B787-4C73-A372-D13E94182848}"
EndProject
Project("{FAE04EC0-301F-11D3-BF4B-00C04F79EFBC}") = "CP_CW_7902_UI", "CP_CW_7902_UI\CP_CW_7902_UI.csproj", "{EC105872-ACBB-4471-9A5E-C0B39A09FB73}"
	ProjectSection(ProjectDependencies) = postProject
		{D1E8576F-B787-4C73-A372-D13E94182848} = {D1E8576F-B787-4C73-A372-D13E94182848}
	EndProjectSection
EndProject
Global
	GlobalSection(SolutionConfigurationPlatforms) = preSolution
		Debug|Any CPU = Debug|Any CPU
		Release|Any CPU = Release|Any CPU
	EndGlobalSection
	GlobalSection(ProjectConfigurationPlatforms) = postSolution
		{03B2C429-6A6E-4E87-8728-B4FF23C700BE}.Debug|Any CPU.ActiveCfg = Debug|Any CPU
		{03B2C429-6A6E-4E87-8728-B4FF23C700BE}.Debug|Any CPU.Build.0 = Debug|Any CPU
		{03B2C429-6A6E-4E87-8728-B4FF23C700BE}.Release|Any CPU.ActiveCfg = Release|Any CPU
		{03B2C429-6A6E-4E87-8728-B4FF23C700BE}.Release|Any CPU.Build.0 = Release|Any CPU
		{D1E8576F-B787-4C73-A372-D13E94182848}.Debug|Any CPU.ActiveCfg = Debug|Any CPU
		{D1E8576F-B787-4C73-A372-D13E94182848}.Debug|Any CPU.Build.0 = Debug|Any CPU
		{D1E8576F-B787-4C73-A372-D13E94182848}.Release|Any CPU.ActiveCfg = Release|Any CPU
		{D1E8576F-B787-4C73-A372-D13E94182848}.Release|Any CPU.Build.0 = Release|Any CPU
		{EC105872-ACBB-4471-9A5E-C0B39A09FB73}.Debug|Any CPU.ActiveCfg = Debug|Any CPU
		{EC105872-ACBB-4471-9A5E-C0B39A09FB73}.Debug|Any CPU.Build.0 = Debug|Any CPU
		{EC105872-ACBB-4471-9A5E-C0B39A09FB73}.Release|Any CPU.ActiveCfg = Release|Any CPU
		{EC105872-ACBB-4471-9A5E-C0B39A09FB73}.Release|Any CPU.Build.0 = Release|Any CPU
	EndGlobalSection
	GlobalSection(SolutionProperties) = preSolution
		HideSolutionNode = FALSE
	EndGlobalSection
	GlobalSection(ExtensibilityGlobals) = postSolution
		SolutionGuid = {D236D1E6-C73D-41F2-9B6D-DC4A43C2B988}
	EndGlobalSection
EndGlobal
